schema: '2.0'
stages:
  load_data:
    cmd: python src/stage_01_load_save.py --config=config/config.yaml
    deps:
    - path: config/config.yaml
      md5: cdd665bb8dfc7318785135cfa2f59e14
      size: 479
    - path: src/stage_01_load_save.py
      md5: 8d1f797f53ce585080c5f8d71105baa5
      size: 1723
    - path: src/utils/all_utils.py
      md5: 0fe9bcc4134f62977696fcc10a5dd5a5
      size: 998
    outs:
    - path: data/cat
      md5: 2acc285e327d446c48b2deae2794c043.dir
      size: 18570831
      nfiles: 103
    - path: data/dog
      md5: 4cd98e0169f25b4675d46cbc1b678d2d.dir
      size: 19364112
      nfiles: 174
  prepare_base_model:
    cmd: python src/stage_02_prepare_base_model.py --config=config/config.yaml --params=params.yaml
    deps:
    - path: config/config.yaml
      md5: cdd665bb8dfc7318785135cfa2f59e14
      size: 479
    - path: src/stage_02_prepare_base_model.py
      md5: a5c927e8aa8338d42439005f3fe8153a
      size: 2343
    - path: src/utils/all_utils.py
      md5: 0fe9bcc4134f62977696fcc10a5dd5a5
      size: 998
    - path: src/utils/models.py
      md5: c36b2634bf90750d91ac51d2bd65a67a
      size: 1909
    params:
      params.yaml:
        IMAGE_SIZE:
        - 224
        - 224
        - 3
        LEARNING_RATE: 0.001
    outs:
    - path: artifacts/base_model/VGG16_base_model.h5
      md5: 6454385634b0618e7e8d116530348e21
      size: 58920816
    - path: artifacts/base_model/updated_VGG16_base_model.h5
      md5: 28b104945bad0b9676aa5eea0ce52213
      size: 59133416
  prepare_callbacks:
    cmd: python src/stage_03_prepare_callbacks.py --config=config/config.yaml --params=params.yaml
    deps:
    - path: config/config.yaml
      md5: cdd665bb8dfc7318785135cfa2f59e14
      size: 479
    - path: params.yaml
      md5: e4c4eac15b99854565dfadcd948ea9db
      size: 126
    - path: src/stage_03_prepare_callbacks.py
      md5: 525b723202bcc6d698c6c8227199049e
      size: 1836
    - path: src/utils/all_utils.py
      md5: 0fe9bcc4134f62977696fcc10a5dd5a5
      size: 998
    - path: src/utils/callbacks.py
      md5: 47f9289a47896bc1e89dfce6edcee9d6
      size: 1530
    outs:
    - path: artifacts/callbacks/checkpoint_cb.cb
      md5: c678204b7f9e887d1d63d06fd5f158cd
      size: 838
    - path: artifacts/callbacks/tensorboard_cb.cb
      md5: d6c072da637fae3255033e8a99476a4a
      size: 664
